
Microsoft Visual Studio Solution File, Format Version 12.00
# Visual Studio Version 17
VisualStudioVersion = 17.8.34511.84
MinimumVisualStudioVersion = 10.0.40219.1
Project("{FAE04EC0-301F-11D3-BF4B-00C04F79EFBC}") = "ConceitosBasicos", "ConceitosBasicos\ConceitosBasicos.csproj", "{2A8E7CDF-79A5-4F5C-9660-A365FF401566}"
EndProject
Global
	GlobalSection(SolutionConfigurationPlatforms) = preSolution
		Debug|Any CPU = Debug|Any CPU
		Release|Any CPU = Release|Any CPU
	EndGlobalSection
	GlobalSection(ProjectConfigurationPlatforms) = postSolution
		{2A8E7CDF-79A5-4F5C-9660-A365FF401566}.Debug|Any CPU.ActiveCfg = Debug|Any CPU
		{2A8E7CDF-79A5-4F5C-9660-A365FF401566}.Debug|Any CPU.Build.0 = Debug|Any CPU
		{2A8E7CDF-79A5-4F5C-9660-A365FF401566}.Release|Any CPU.ActiveCfg = Release|Any CPU
		{2A8E7CDF-79A5-4F5C-9660-A365FF401566}.Release|Any CPU.Build.0 = Release|Any CPU
	EndGlobalSection
	GlobalSection(SolutionProperties) = preSolution
		HideSolutionNode = FALSE
	EndGlobalSection
	GlobalSection(ExtensibilityGlobals) = postSolution
		SolutionGuid = {2FD86E14-7B23-4906-A3F4-8DCCFA2D903B}
	EndGlobalSection
EndGlobal
